{
  "originHash" : "fd9b9db0138afc1eaaa2bafae71cf555d1039360c7d92065e87d09e226287f77",
  "pins" : [
    {
      "identity" : "asckit",
      "kind" : "remoteSourceControl",
      "location" : "https://github.com/blackjacx/ASCKit",
      "state" : {
        "revision" : "0244c33e553f3c09e3e0b7c94f504883c00c746c",
        "version" : "0.7.2"
      }
    },
    {
      "identity" : "engine",
      "kind" : "remoteSourceControl",
      "location" : "https://github.com/blackjacx/Engine",
      "state" : {
        "revision" : "4ad8dc574e88b8dbcd02ad31e4eaae63b21c64ec",
        "version" : "0.3.0"
      }
    },
    {
      "identity" : "keychainaccess",
      "kind" : "remoteSourceControl",
      "location" : "https://github.com/kishikawakatsumi/KeychainAccess",
      "state" : {
        "revision" : "84e546727d66f1adc5439debad16270d0fdd04e7",
        "version" : "4.2.2"
      }
    },
    {
      "identity" : "swift-argument-parser",
      "kind" : "remoteSourceControl",
      "location" : "https://github.com/apple/swift-argument-parser",
      "state" : {
        "revision" : "c5d11a805e765f52ba34ec7284bd4fcd6ba68615",
        "version" : "1.7.0"
      }
    },
    {
      "identity" : "swiftshell",
      "kind" : "remoteSourceControl",
      "location" : "https://github.com/kareman/SwiftShell",
      "state" : {
        "revision" : "99680b2efc7c7dbcace1da0b3979d266f02e213c",
        "version" : "5.1.0"
      }
    }
  ],
  "version" : 3
}
