{
  "originHash" : "e01767337bf17e03a09fe0d96826f81ff11fc78900d02aad82ebb8e6c63d4b7c",
  "pins" : [
    {
      "identity" : "asckit",
      "kind" : "remoteSourceControl",
      "location" : "https://github.com/blackjacx/ASCKit",
      "state" : {
        "revision" : "a549c806d25cf65c352f62a775e6b342f72b7936",
        "version" : "0.7.1"
      }
    },
    {
      "identity" : "engine",
      "kind" : "remoteSourceControl",
      "location" : "https://github.com/blackjacx/Engine",
      "state" : {
        "revision" : "4ad8dc574e88b8dbcd02ad31e4eaae63b21c64ec",
        "version" : "0.3.0"
      }
    },
    {
      "identity" : "keychainaccess",
      "kind" : "remoteSourceControl",
      "location" : "https://github.com/kishikawakatsumi/KeychainAccess",
      "state" : {
        "revision" : "84e546727d66f1adc5439debad16270d0fdd04e7",
        "version" : "4.2.2"
      }
    },
    {
      "identity" : "swift-argument-parser",
      "kind" : "remoteSourceControl",
      "location" : "https://github.com/apple/swift-argument-parser",
      "state" : {
        "revision" : "cdd0ef3755280949551dc26dee5de9ddeda89f54",
        "version" : "1.6.2"
      }
    },
    {
      "identity" : "swiftshell",
      "kind" : "remoteSourceControl",
      "location" : "https://github.com/kareman/SwiftShell",
      "state" : {
        "revision" : "99680b2efc7c7dbcace1da0b3979d266f02e213c",
        "version" : "5.1.0"
      }
    }
  ],
  "version" : 3
}
